{
    "_readme": [
        "This file locks the dependencies of your project to a known state",
        "Read more about it at https://getcomposer.org/doc/01-basic-usage.md#installing-dependencies",
        "This file is @generated automatically"
    ],
    "content-hash": "8c9eaffc248b27c2007f340f8d1f97e7",
    "packages": [
        {
            "name": "illuminate/macroable",
            "version": "v9.9.0",
            "source": {
                "type": "git",
                "url": "https://github.com/illuminate/macroable.git",
                "reference": "25a2c6dac2b7541ecbadef952702e84ae15f5354"
            },
            "dist": {
                "type": "zip",
                "url": "https://api.github.com/repos/illuminate/macroable/zipball/25a2c6dac2b7541ecbadef952702e84ae15f5354",
                "reference": "25a2c6dac2b7541ecbadef952702e84ae15f5354",
                "shasum": ""
            },
            "require": {
                "php": "^8.0.2"
            },
            "type": "library",
            "extra": {
                "branch-alias": {
                    "dev-master": "9.x-dev"
                }
            },
            "autoload": {
                "psr-4": {
                    "Illuminate\\Support\\": ""
                }
            },
            "notification-url": "https://packagist.org/downloads/",
            "license": [
                "MIT"
            ],
            "authors": [
                {
                    "name": "Taylor Otwell",
                    "email": "taylor@laravel.com"
                }
            ],
            "description": "The Illuminate Macroable package.",
            "homepage": "https://laravel.com",
            "support": {
                "issues": "https://github.com/laravel/framework/issues",
                "source": "https://github.com/laravel/framework"
            },
            "time": "2022-02-01T14:44:21+00:00"
        },
        {
            "name": "ryangjchandler/downmark",
            "version": "v0.0.2",
            "source": {
                "type": "git",
                "url": "https://github.com/ryangjchandler/downmark.git",
                "reference": "10d2503fda3e636c4f72b2fcfb0d56ee6d5df30c"
            },
            "dist": {
                "type": "zip",
                "url": "https://api.github.com/repos/ryangjchandler/downmark/zipball/10d2503fda3e636c4f72b2fcfb0d56ee6d5df30c",
                "reference": "10d2503fda3e636c4f72b2fcfb0d56ee6d5df30c",
                "shasum": ""
            },
            "require": {
                "illuminate/macroable": "^9.5",
                "php": "^8.0"
            },
            "require-dev": {
                "erusev/parsedown": "^1.7",
                "friendsofphp/php-cs-fixer": "^3.0",
                "league/commonmark": "^2.2",
                "michelf/php-markdown": "^1.9",
                "pestphp/pest": "^1.20",
                "phpbench/phpbench": "^1.2",
                "spatie/ray": "^1.28"
            },
            "type": "library",
            "autoload": {
                "psr-4": {
                    "Downmark\\": "src"
                }
            },
            "notification-url": "https://packagist.org/downloads/",
            "license": [
                "MIT"
            ],
            "authors": [
                {
                    "name": "Ryan Chandler",
                    "email": "support@ryangjchandler.co.uk",
                    "role": "Developer"
                }
            ],
            "description": "A speedy Markdown parser for PHP applications.",
            "homepage": "https://github.com/ryangjchandler/downmark",
            "keywords": [
                "downmark",
                "ryangjchandler"
            ],
            "support": {
                "issues": "https://github.com/ryangjchandler/downmark/issues",
                "source": "https://github.com/ryangjchandler/downmark/tree/v0.0.2"
            },
            "funding": [
                {
                    "url": "https://github.com/ryangjchandler",
                    "type": "github"
                }
            ],
            "time": "2022-03-22T00:38:52+00:00"
        }
    ],
    "packages-dev": [],
    "aliases": [],
    "minimum-stability": "stable",
    "stability-flags": [],
    "prefer-stable": false,
    "prefer-lowest": false,
    "platform": [],
    "platform-dev": [],
    "plugin-api-version": "2.1.0"
}
